
Microsoft Visual Studio Solution File, Format Version 12.00
# Visual Studio Version 16
VisualStudioVersion = 16.0.31702.278
MinimumVisualStudioVersion = 10.0.40219.1
Project("{FAE04EC0-301F-11D3-BF4B-00C04F79EFBC}") = "Patr 2 Lesson 2.1", "Patr 2 Lesson 2.1\Patr 2 Lesson 2.1.csproj", "{20D233BC-FBDD-4A42-A1E6-33A6455935E5}"
EndProject
Global
	GlobalSection(SolutionConfigurationPlatforms) = preSolution
		Debug|Any CPU = Debug|Any CPU
		Release|Any CPU = Release|Any CPU
	EndGlobalSection
	GlobalSection(ProjectConfigurationPlatforms) = postSolution
		{20D233BC-FBDD-4A42-A1E6-33A6455935E5}.Debug|Any CPU.ActiveCfg = Debug|Any CPU
		{20D233BC-FBDD-4A42-A1E6-33A6455935E5}.Debug|Any CPU.Build.0 = Debug|Any CPU
		{20D233BC-FBDD-4A42-A1E6-33A6455935E5}.Release|Any CPU.ActiveCfg = Release|Any CPU
		{20D233BC-FBDD-4A42-A1E6-33A6455935E5}.Release|Any CPU.Build.0 = Release|Any CPU
	EndGlobalSection
	GlobalSection(SolutionProperties) = preSolution
		HideSolutionNode = FALSE
	EndGlobalSection
	GlobalSection(ExtensibilityGlobals) = postSolution
		SolutionGuid = {D5F4FC2C-8FC9-4636-A6A7-38B149C239F1}
	EndGlobalSection
EndGlobal
